
Microsoft Visual Studio Solution File, Format Version 12.00
# Visual Studio Version 16
VisualStudioVersion = 16.0.30621.155
MinimumVisualStudioVersion = 10.0.40219.1
Project("{9A19103F-16F7-4668-BE54-9A1E7A4F7556}") = "Projekt2", "..\Projekt2\Projekt2.csproj", "{A3F3C92E-145C-42A6-B3CF-E9A4FBE34F63}"
EndProject
Global
	GlobalSection(SolutionConfigurationPlatforms) = preSolution
		Debug|Any CPU = Debug|Any CPU
		Release|Any CPU = Release|Any CPU
	EndGlobalSection
	GlobalSection(ProjectConfigurationPlatforms) = postSolution
		{A3F3C92E-145C-42A6-B3CF-E9A4FBE34F63}.Debug|Any CPU.ActiveCfg = Debug|Any CPU
		{A3F3C92E-145C-42A6-B3CF-E9A4FBE34F63}.Debug|Any CPU.Build.0 = Debug|Any CPU
		{A3F3C92E-145C-42A6-B3CF-E9A4FBE34F63}.Release|Any CPU.ActiveCfg = Release|Any CPU
		{A3F3C92E-145C-42A6-B3CF-E9A4FBE34F63}.Release|Any CPU.Build.0 = Release|Any CPU
	EndGlobalSection
	GlobalSection(SolutionProperties) = preSolution
		HideSolutionNode = FALSE
	EndGlobalSection
	GlobalSection(ExtensibilityGlobals) = postSolution
		SolutionGuid = {7A4713C2-4107-4ABA-9ABC-7908989E9CD9}
	EndGlobalSection
EndGlobal
